// !$*UTF8*$!
{
	archiveVersion = 1;
	classes = {
	};
	objectVersion = 51;
	objects = {

/* Begin PBXBuildFile section */
		9D26D6ED56BA7E397733A3C7 /* Pods_Alamofire.framework in Frameworks */ = {isa = PBXBuildFile; fileRef = C3C3FD35047021624935C0BF /* Pods_Alamofire.framework */; };
		B7704C7E2664AC4200A8093B /* AppDelegate.swift in Sources */ = {isa = PBXBuildFile; fileRef = B7704C7D2664AC4200A8093B /* AppDelegate.swift */; };
		B7704C802664AC4200A8093B /* SceneDelegate.swift in Sources */ = {isa = PBXBuildFile; fileRef = B7704C7F2664AC4200A8093B /* SceneDelegate.swift */; };
		B7704C822664AC4200A8093B /* HomeVC.swift in Sources */ = {isa = PBXBuildFile; fileRef = B7704C812664AC4200A8093B /* HomeVC.swift */; };
		B7704C852664AC4200A8093B /* Main.storyboard in Resources */ = {isa = PBXBuildFile; fileRef = B7704C832664AC4200A8093B /* Main.storyboard */; };
		B7704C872664AC4300A8093B /* Assets.xcassets in Resources */ = {isa = PBXBuildFile; fileRef = B7704C862664AC4300A8093B /* Assets.xcassets */; };
		B7704C8A2664AC4300A8093B /* LaunchScreen.storyboard in Resources */ = {isa = PBXBuildFile; fileRef = B7704C882664AC4300A8093B /* LaunchScreen.storyboard */; };
		B792D2B32664C342001D2BB0 /* UserListVC.swift in Sources */ = {isa = PBXBuildFile; fileRef = B792D2B22664C342001D2BB0 /* UserListVC.swift */; };
		B792D2B52664C37D001D2BB0 /* PhotoCollectionVC.swift in Sources */ = {isa = PBXBuildFile; fileRef = B792D2B42664C37D001D2BB0 /* PhotoCollectionVC.swift */; };
		B792D2B92664E145001D2BB0 /* constants.swift in Sources */ = {isa = PBXBuildFile; fileRef = B792D2B82664E144001D2BB0 /* constants.swift */; };
		B792D2BB2664F121001D2BB0 /* BaseVC.swift in Sources */ = {isa = PBXBuildFile; fileRef = B792D2BA2664F121001D2BB0 /* BaseVC.swift */; };
/* End PBXBuildFile section */

/* Begin PBXFileReference section */
		737ECEBEA777E54481CA81AB /* Pods-Alamofire.release.xcconfig */ = {isa = PBXFileReference; includeInIndex = 1; lastKnownFileType = text.xcconfig; name = "Pods-Alamofire.release.xcconfig"; path = "Target Support Files/Pods-Alamofire/Pods-Alamofire.release.xcconfig"; sourceTree = "<group>"; };
		B7704C7A2664AC4200A8093B /* Alamofire.app */ = {isa = PBXFileReference; explicitFileType = wrapper.application; includeInIndex = 0; path = Alamofire.app; sourceTree = BUILT_PRODUCTS_DIR; };
		B7704C7D2664AC4200A8093B /* AppDelegate.swift */ = {isa = PBXFileReference; lastKnownFileType = sourcecode.swift; path = AppDelegate.swift; sourceTree = "<group>"; };
		B7704C7F2664AC4200A8093B /* SceneDelegate.swift */ = {isa = PBXFileReference; lastKnownFileType = sourcecode.swift; path = SceneDelegate.swift; sourceTree = "<group>"; };
		B7704C812664AC4200A8093B /* HomeVC.swift */ = {isa = PBXFileReference; lastKnownFileType = sourcecode.swift; path = HomeVC.swift; sourceTree = "<group>"; };
		B7704C842664AC4200A8093B /* Base */ = {isa = PBXFileReference; lastKnownFileType = file.storyboard; name = Base; path = Base.lproj/Main.storyboard; sourceTree = "<group>"; };
		B7704C862664AC4300A8093B /* Assets.xcassets */ = {isa = PBXFileReference; lastKnownFileType = folder.assetcatalog; path = Assets.xcassets; sourceTree = "<group>"; };
		B7704C892664AC4300A8093B /* Base */ = {isa = PBXFileReference; lastKnownFileType = file.storyboard; name = Base; path = Base.lproj/LaunchScreen.storyboard; sourceTree = "<group>"; };
		B7704C8B2664AC4300A8093B /* Info.plist */ = {isa = PBXFileReference; lastKnownFileType = text.plist.xml; path = Info.plist; sourceTree = "<group>"; };
		B792D2B22664C342001D2BB0 /* UserListVC.swift */ = {isa = PBXFileReference; lastKnownFileType = sourcecode.swift; path = UserListVC.swift; sourceTree = "<group>"; };
		B792D2B42664C37D001D2BB0 /* PhotoCollectionVC.swift */ = {isa = PBXFileReference; lastKnownFileType = sourcecode.swift; path = PhotoCollectionVC.swift; sourceTree = "<group>"; };
		B792D2B82664E144001D2BB0 /* constants.swift */ = {isa = PBXFileReference; lastKnownFileType = sourcecode.swift; path = constants.swift; sourceTree = "<group>"; };
		B792D2BA2664F121001D2BB0 /* BaseVC.swift */ = {isa = PBXFileReference; lastKnownFileType = sourcecode.swift; path = BaseVC.swift; sourceTree = "<group>"; };
		C3C3FD35047021624935C0BF /* Pods_Alamofire.framework */ = {isa = PBXFileReference; explicitFileType = wrapper.framework; includeInIndex = 0; path = Pods_Alamofire.framework; sourceTree = BUILT_PRODUCTS_DIR; };
		E847F1D6E01BA0E20FB64841 /* Pods-Alamofire.debug.xcconfig */ = {isa = PBXFileReference; includeInIndex = 1; lastKnownFileType = text.xcconfig; name = "Pods-Alamofire.debug.xcconfig"; path = "Target Support Files/Pods-Alamofire/Pods-Alamofire.debug.xcconfig"; sourceTree = "<group>"; };
/* End PBXFileReference section */

/* Begin PBXFrameworksBuildPhase section */
		B7704C772664AC4200A8093B /* Frameworks */ = {
			isa = PBXFrameworksBuildPhase;
			buildActionMask = 2147483647;
			files = (
				9D26D6ED56BA7E397733A3C7 /* Pods_Alamofire.framework in Frameworks */,
			);
			runOnlyForDeploymentPostprocessing = 0;
		};
/* End PBXFrameworksBuildPhase section */

/* Begin PBXGroup section */
		6A606AF2960967B0469A04A6 /* Pods */ = {
			isa = PBXGroup;
			children = (
				E847F1D6E01BA0E20FB64841 /* Pods-Alamofire.debug.xcconfig */,
				737ECEBEA777E54481CA81AB /* Pods-Alamofire.release.xcconfig */,
			);
			path = Pods;
			sourceTree = "<group>";
		};
		865246FF68567F4118688E6F /* Frameworks */ = {
			isa = PBXGroup;
			children = (
				C3C3FD35047021624935C0BF /* Pods_Alamofire.framework */,
			);
			name = Frameworks;
			sourceTree = "<group>";
		};
		B7704C712664AC4200A8093B = {
			isa = PBXGroup;
			children = (
				B7704C7C2664AC4200A8093B /* Alamofire */,
				B7704C7B2664AC4200A8093B /* Products */,
				6A606AF2960967B0469A04A6 /* Pods */,
				865246FF68567F4118688E6F /* Frameworks */,
			);
			sourceTree = "<group>";
		};
		B7704C7B2664AC4200A8093B /* Products */ = {
			isa = PBXGroup;
			children = (
				B7704C7A2664AC4200A8093B /* Alamofire.app */,
			);
			name = Products;
			sourceTree = "<group>";
		};
		B7704C7C2664AC4200A8093B /* Alamofire */ = {
			isa = PBXGroup;
			children = (
				B792D2B72664E12E001D2BB0 /* Utils */,
				B7704C7D2664AC4200A8093B /* AppDelegate.swift */,
				B7704C7F2664AC4200A8093B /* SceneDelegate.swift */,
				B792D2B62664CEBE001D2BB0 /* ViewContorller */,
				B7704C832664AC4200A8093B /* Main.storyboard */,
				B7704C882664AC4300A8093B /* LaunchScreen.storyboard */,
				B7704C862664AC4300A8093B /* Assets.xcassets */,
				B7704C8B2664AC4300A8093B /* Info.plist */,
			);
			path = Alamofire;
			sourceTree = "<group>";
		};
		B792D2B62664CEBE001D2BB0 /* ViewContorller */ = {
			isa = PBXGroup;
			children = (
				B7704C812664AC4200A8093B /* HomeVC.swift */,
				B792D2BA2664F121001D2BB0 /* BaseVC.swift */,
				B792D2B22664C342001D2BB0 /* UserListVC.swift */,
				B792D2B42664C37D001D2BB0 /* PhotoCollectionVC.swift */,
			);
			path = ViewContorller;
			sourceTree = "<group>";
		};
		B792D2B72664E12E001D2BB0 /* Utils */ = {
			isa = PBXGroup;
			children = (
				B792D2B82664E144001D2BB0 /* constants.swift */,
			);
			path = Utils;
			sourceTree = "<group>";
		};
/* End PBXGroup section */

/* Begin PBXNativeTarget section */
		B7704C792664AC4200A8093B /* Alamofire */ = {
			isa = PBXNativeTarget;
			buildConfigurationList = B7704C8E2664AC4300A8093B /* Build configuration list for PBXNativeTarget "Alamofire" */;
			buildPhases = (
				CAE6DC321F3686C9157F577C /* [CP] Check Pods Manifest.lock */,
				B7704C762664AC4200A8093B /* Sources */,
				B7704C772664AC4200A8093B /* Frameworks */,
				B7704C782664AC4200A8093B /* Resources */,
				61FC9A5ED8C34796DCE5C4FC /* [CP] Embed Pods Frameworks */,
			);
			buildRules = (
			);
			dependencies = (
			);
			name = Alamofire;
			productName = Alamofire;
			productReference = B7704C7A2664AC4200A8093B /* Alamofire.app */;
			productType = "com.apple.product-type.application";
		};
/* End PBXNativeTarget section */

/* Begin PBXProject section */
		B7704C722664AC4200A8093B /* Project object */ = {
			isa = PBXProject;
			attributes = {
				LastSwiftUpdateCheck = 1250;
				LastUpgradeCheck = 1250;
				TargetAttributes = {
					B7704C792664AC4200A8093B = {
						CreatedOnToolsVersion = 12.5;
					};
				};
			};
			buildConfigurationList = B7704C752664AC4200A8093B /* Build configuration list for PBXProject "Alamofire" */;
			compatibilityVersion = "Xcode 9.3";
			developmentRegion = en;
			hasScannedForEncodings = 0;
			knownRegions = (
				en,
				Base,
			);
			mainGroup = B7704C712664AC4200A8093B;
			productRefGroup = B7704C7B2664AC4200A8093B /* Products */;
			projectDirPath = "";
			projectRoot = "";
			targets = (
				B7704C792664AC4200A8093B /* Alamofire */,
			);
		};
/* End PBXProject section */

/* Begin PBXResourcesBuildPhase section */
		B7704C782664AC4200A8093B /* Resources */ = {
			isa = PBXResourcesBuildPhase;
			buildActionMask = 2147483647;
			files = (
				B7704C8A2664AC4300A8093B /* LaunchScreen.storyboard in Resources */,
				B7704C872664AC4300A8093B /* Assets.xcassets in Resources */,
				B7704C852664AC4200A8093B /* Main.storyboard in Resources */,
			);
			runOnlyForDeploymentPostprocessing = 0;
		};
/* End PBXResourcesBuildPhase section */

/* Begin PBXShellScriptBuildPhase section */
		61FC9A5ED8C34796DCE5C4FC /* [CP] Embed Pods Frameworks */ = {
			isa = PBXShellScriptBuildPhase;
			buildActionMask = 2147483647;
			files = (
			);
			inputFileListPaths = (
				"${PODS_ROOT}/Target Support Files/Pods-Alamofire/Pods-Alamofire-frameworks-${CONFIGURATION}-input-files.xcfilelist",
			);
			name = "[CP] Embed Pods Frameworks";
			outputFileListPaths = (
				"${PODS_ROOT}/Target Support Files/Pods-Alamofire/Pods-Alamofire-frameworks-${CONFIGURATION}-output-files.xcfilelist",
			);
			runOnlyForDeploymentPostprocessing = 0;
			shellPath = /bin/sh;
			shellScript = "\"${PODS_ROOT}/Target Support Files/Pods-Alamofire/Pods-Alamofire-frameworks.sh\"\n";
			showEnvVarsInLog = 0;
		};
		CAE6DC321F3686C9157F577C /* [CP] Check Pods Manifest.lock */ = {
			isa = PBXShellScriptBuildPhase;
			buildActionMask = 2147483647;
			files = (
			);
			inputFileListPaths = (
			);
			inputPaths = (
				"${PODS_PODFILE_DIR_PATH}/Podfile.lock",
				"${PODS_ROOT}/Manifest.lock",
			);
			name = "[CP] Check Pods Manifest.lock";
			outputFileListPaths = (
			);
			outputPaths = (
				"$(DERIVED_FILE_DIR)/Pods-Alamofire-checkManifestLockResult.txt",
			);
			runOnlyForDeploymentPostprocessing = 0;
			shellPath = /bin/sh;
			shellScript = "diff \"${PODS_PODFILE_DIR_PATH}/Podfile.lock\" \"${PODS_ROOT}/Manifest.lock\" > /dev/null\nif [ $? != 0 ] ; then\n    # print error to STDERR\n    echo \"error: The sandbox is not in sync with the Podfile.lock. Run 'pod install' or update your CocoaPods installation.\" >&2\n    exit 1\nfi\n# This output is used by Xcode 'outputs' to avoid re-running this script phase.\necho \"SUCCESS\" > \"${SCRIPT_OUTPUT_FILE_0}\"\n";
			showEnvVarsInLog = 0;
		};
/* End PBXShellScriptBuildPhase section */

/* Begin PBXSourcesBuildPhase section */
		B7704C762664AC4200A8093B /* Sources */ = {
			isa = PBXSourcesBuildPhase;
			buildActionMask = 2147483647;
			files = (
				B7704C822664AC4200A8093B /* HomeVC.swift in Sources */,
				B7704C7E2664AC4200A8093B /* AppDelegate.swift in Sources */,
				B7704C802664AC4200A8093B /* SceneDelegate.swift in Sources */,
				B792D2B32664C342001D2BB0 /* UserListVC.swift in Sources */,
				B792D2B52664C37D001D2BB0 /* PhotoCollectionVC.swift in Sources */,
				B792D2BB2664F121001D2BB0 /* BaseVC.swift in Sources */,
				B792D2B92664E145001D2BB0 /* constants.swift in Sources */,
			);
			runOnlyForDeploymentPostprocessing = 0;
		};
/* End PBXSourcesBuildPhase section */

/* Begin PBXVariantGroup section */
		B7704C832664AC4200A8093B /* Main.storyboard */ = {
			isa = PBXVariantGroup;
			children = (
				B7704C842664AC4200A8093B /* Base */,
			);
			name = Main.storyboard;
			sourceTree = "<group>";
		};
		B7704C882664AC4300A8093B /* LaunchScreen.storyboard */ = {
			isa = PBXVariantGroup;
			children = (
				B7704C892664AC4300A8093B /* Base */,
			);
			name = LaunchScreen.storyboard;
			sourceTree = "<group>";
		};
/* End PBXVariantGroup section */

/* Begin XCBuildConfiguration section */
		B7704C8C2664AC4300A8093B /* Debug */ = {
			isa = XCBuildConfiguration;
			buildSettings = {
				ALWAYS_SEARCH_USER_PATHS = NO;
				CLANG_ANALYZER_NONNULL = YES;
				CLANG_ANALYZER_NUMBER_OBJECT_CONVERSION = YES_AGGRESSIVE;
				CLANG_CXX_LANGUAGE_STANDARD = "gnu++14";
				CLANG_CXX_LIBRARY = "libc++";
				CLANG_ENABLE_MODULES = YES;
				CLANG_ENABLE_OBJC_ARC = YES;
				CLANG_ENABLE_OBJC_WEAK = YES;
				CLANG_WARN_BLOCK_CAPTURE_AUTORELEASING = YES;
				CLANG_WARN_BOOL_CONVERSION = YES;
				CLANG_WARN_COMMA = YES;
				CLANG_WARN_CONSTANT_CONVERSION = YES;
				CLANG_WARN_DEPRECATED_OBJC_IMPLEMENTATIONS = YES;
				CLANG_WARN_DIRECT_OBJC_ISA_USAGE = YES_ERROR;
				CLANG_WARN_DOCUMENTATION_COMMENTS = YES;
				CLANG_WARN_EMPTY_BODY = YES;
				CLANG_WARN_ENUM_CONVERSION = YES;
				CLANG_WARN_INFINITE_RECURSION = YES;
				CLANG_WARN_INT_CONVERSION = YES;
				CLANG_WARN_NON_LITERAL_NULL_CONVERSION = YES;
				CLANG_WARN_OBJC_IMPLICIT_RETAIN_SELF = YES;
				CLANG_WARN_OBJC_LITERAL_CONVERSION = YES;
				CLANG_WARN_OBJC_ROOT_CLASS = YES_ERROR;
				CLANG_WARN_QUOTED_INCLUDE_IN_FRAMEWORK_HEADER = YES;
				CLANG_WARN_RANGE_LOOP_ANALYSIS = YES;
				CLANG_WARN_STRICT_PROTOTYPES = YES;
				CLANG_WARN_SUSPICIOUS_MOVE = YES;
				CLANG_WARN_UNGUARDED_AVAILABILITY = YES_AGGRESSIVE;
				CLANG_WARN_UNREACHABLE_CODE = YES;
				CLANG_WARN__DUPLICATE_METHOD_MATCH = YES;
				COPY_PHASE_STRIP = NO;
				DEBUG_INFORMATION_FORMAT = dwarf;
				ENABLE_STRICT_OBJC_MSGSEND = YES;
				ENABLE_TESTABILITY = YES;
				GCC_C_LANGUAGE_STANDARD = gnu11;
				GCC_DYNAMIC_NO_PIC = NO;
				GCC_NO_COMMON_BLOCKS = YES;
				GCC_OPTIMIZATION_LEVEL = 0;
				GCC_PREPROCESSOR_DEFINITIONS = (
					"DEBUG=1",
					"$(inherited)",
				);
				GCC_WARN_64_TO_32_BIT_CONVERSION = YES;
				GCC_WARN_ABOUT_RETURN_TYPE = YES_ERROR;
				GCC_WARN_UNDECLARED_SELECTOR = YES;
				GCC_WARN_UNINITIALIZED_AUTOS = YES_AGGRESSIVE;
				GCC_WARN_UNUSED_FUNCTION = YES;
				GCC_WARN_UNUSED_VARIABLE = YES;
				IPHONEOS_DEPLOYMENT_TARGET = 14.5;
				MTL_ENABLE_DEBUG_INFO = INCLUDE_SOURCE;
				MTL_FAST_MATH = YES;
				ONLY_ACTIVE_ARCH = YES;
				SDKROOT = iphoneos;
				SWIFT_ACTIVE_COMPILATION_CONDITIONS = DEBUG;
				SWIFT_OPTIMIZATION_LEVEL = "-Onone";
			};
			name = Debug;
		};
		B7704C8D2664AC4300A8093B /* Release */ = {
			isa = XCBuildConfiguration;
			buildSettings = {
				ALWAYS_SEARCH_USER_PATHS = NO;
				CLANG_ANALYZER_NONNULL = YES;
				CLANG_ANALYZER_NUMBER_OBJECT_CONVERSION = YES_AGGRESSIVE;
				CLANG_CXX_LANGUAGE_STANDARD = "gnu++14";
				CLANG_CXX_LIBRARY = "libc++";
				CLANG_ENABLE_MODULES = YES;
				CLANG_ENABLE_OBJC_ARC = YES;
				CLANG_ENABLE_OBJC_WEAK = YES;
				CLANG_WARN_BLOCK_CAPTURE_AUTORELEASING = YES;
				CLANG_WARN_BOOL_CONVERSION = YES;
				CLANG_WARN_COMMA = YES;
				CLANG_WARN_CONSTANT_CONVERSION = YES;
				CLANG_WARN_DEPRECATED_OBJC_IMPLEMENTATIONS = YES;
				CLANG_WARN_DIRECT_OBJC_ISA_USAGE = YES_ERROR;
				CLANG_WARN_DOCUMENTATION_COMMENTS = YES;
				CLANG_WARN_EMPTY_BODY = YES;
				CLANG_WARN_ENUM_CONVERSION = YES;
				CLANG_WARN_INFINITE_RECURSION = YES;
				CLANG_WARN_INT_CONVERSION = YES;
				CLANG_WARN_NON_LITERAL_NULL_CONVERSION = YES;
				CLANG_WARN_OBJC_IMPLICIT_RETAIN_SELF = YES;
				CLANG_WARN_OBJC_LITERAL_CONVERSION = YES;
				CLANG_WARN_OBJC_ROOT_CLASS = YES_ERROR;
				CLANG_WARN_QUOTED_INCLUDE_IN_FRAMEWORK_HEADER = YES;
				CLANG_WARN_RANGE_LOOP_ANALYSIS = YES;
				CLANG_WARN_STRICT_PROTOTYPES = YES;
				CLANG_WARN_SUSPICIOUS_MOVE = YES;
				CLANG_WARN_UNGUARDED_AVAILABILITY = YES_AGGRESSIVE;
				CLANG_WARN_UNREACHABLE_CODE = YES;
				CLANG_WARN__DUPLICATE_METHOD_MATCH = YES;
				COPY_PHASE_STRIP = NO;
				DEBUG_INFORMATION_FORMAT = "dwarf-with-dsym";
				ENABLE_NS_ASSERTIONS = NO;
				ENABLE_STRICT_OBJC_MSGSEND = YES;
				GCC_C_LANGUAGE_STANDARD = gnu11;
				GCC_NO_COMMON_BLOCKS = YES;
				GCC_WARN_64_TO_32_BIT_CONVERSION = YES;
				GCC_WARN_ABOUT_RETURN_TYPE = YES_ERROR;
				GCC_WARN_UNDECLARED_SELECTOR = YES;
				GCC_WARN_UNINITIALIZED_AUTOS = YES_AGGRESSIVE;
				GCC_WARN_UNUSED_FUNCTION = YES;
				GCC_WARN_UNUSED_VARIABLE = YES;
				IPHONEOS_DEPLOYMENT_TARGET = 14.5;
				MTL_ENABLE_DEBUG_INFO = NO;
				MTL_FAST_MATH = YES;
				SDKROOT = iphoneos;
				SWIFT_COMPILATION_MODE = wholemodule;
				SWIFT_OPTIMIZATION_LEVEL = "-O";
				VALIDATE_PRODUCT = YES;
			};
			name = Release;
		};
		B7704C8F2664AC4300A8093B /* Debug */ = {
			isa = XCBuildConfiguration;
			baseConfigurationReference = E847F1D6E01BA0E20FB64841 /* Pods-Alamofire.debug.xcconfig */;
			buildSettings = {
				ASSETCATALOG_COMPILER_APPICON_NAME = AppIcon;
				ASSETCATALOG_COMPILER_GLOBAL_ACCENT_COLOR_NAME = AccentColor;
				CODE_SIGN_STYLE = Automatic;
				INFOPLIST_FILE = Alamofire/Info.plist;
				LD_RUNPATH_SEARCH_PATHS = (
					"$(inherited)",
					"@executable_path/Frameworks",
				);
				PRODUCT_BUNDLE_IDENTIFIER = daniel.spirit.Alamofire;
				PRODUCT_NAME = "$(TARGET_NAME)";
				SWIFT_VERSION = 5.0;
				TARGETED_DEVICE_FAMILY = 1;
			};
			name = Debug;
		};
		B7704C902664AC4300A8093B /* Release */ = {
			isa = XCBuildConfiguration;
			baseConfigurationReference = 737ECEBEA777E54481CA81AB /* Pods-Alamofire.release.xcconfig */;
			buildSettings = {
				ASSETCATALOG_COMPILER_APPICON_NAME = AppIcon;
				ASSETCATALOG_COMPILER_GLOBAL_ACCENT_COLOR_NAME = AccentColor;
				CODE_SIGN_STYLE = Automatic;
				INFOPLIST_FILE = Alamofire/Info.plist;
				LD_RUNPATH_SEARCH_PATHS = (
					"$(inherited)",
					"@executable_path/Frameworks",
				);
				PRODUCT_BUNDLE_IDENTIFIER = daniel.spirit.Alamofire;
				PRODUCT_NAME = "$(TARGET_NAME)";
				SWIFT_VERSION = 5.0;
				TARGETED_DEVICE_FAMILY = 1;
			};
			name = Release;
		};
/* End XCBuildConfiguration section */

/* Begin XCConfigurationList section */
		B7704C752664AC4200A8093B /* Build configuration list for PBXProject "Alamofire" */ = {
			isa = XCConfigurationList;
			buildConfigurations = (
				B7704C8C2664AC4300A8093B /* Debug */,
				B7704C8D2664AC4300A8093B /* Release */,
			);
			defaultConfigurationIsVisible = 0;
			defaultConfigurationName = Release;
		};
		B7704C8E2664AC4300A8093B /* Build configuration list for PBXNativeTarget "Alamofire" */ = {
			isa = XCConfigurationList;
			buildConfigurations = (
				B7704C8F2664AC4300A8093B /* Debug */,
				B7704C902664AC4300A8093B /* Release */,
			);
			defaultConfigurationIsVisible = 0;
			defaultConfigurationName = Release;
		};
/* End XCConfigurationList section */
	};
	rootObject = B7704C722664AC4200A8093B /* Project object */;
}
